// !$*UTF8*$!
{
	archiveVersion = 1;
	classes = {
	};
	objectVersion = 46;
	objects = {

/* Begin PBXBuildFile section */
		958892E4165AD47100EA7D71 /* Foundation.framework in Frameworks */ = {isa = PBXBuildFile; fileRef = 958892E3165AD47100EA7D71 /* Foundation.framework */; };
		958892E9165AD47100EA7D71 /* ObjectiveSundown.h in CopyFiles */ = {isa = PBXBuildFile; fileRef = 958892E8165AD47100EA7D71 /* ObjectiveSundown.h */; };
		958892EB165AD47100EA7D71 /* ObjectiveSundown.m in Sources */ = {isa = PBXBuildFile; fileRef = 958892EA165AD47100EA7D71 /* ObjectiveSundown.m */; };
		958892F3165AD47100EA7D71 /* SenTestingKit.framework in Frameworks */ = {isa = PBXBuildFile; fileRef = 958892F2165AD47100EA7D71 /* SenTestingKit.framework */; };
		958892F5165AD47100EA7D71 /* UIKit.framework in Frameworks */ = {isa = PBXBuildFile; fileRef = 958892F4165AD47100EA7D71 /* UIKit.framework */; };
		958892F6165AD47100EA7D71 /* Foundation.framework in Frameworks */ = {isa = PBXBuildFile; fileRef = 958892E3165AD47100EA7D71 /* Foundation.framework */; };
		958892F9165AD47100EA7D71 /* libObjectiveSundown.a in Frameworks */ = {isa = PBXBuildFile; fileRef = 958892E0165AD47100EA7D71 /* libObjectiveSundown.a */; };
		958892FF165AD47100EA7D71 /* InfoPlist.strings in Resources */ = {isa = PBXBuildFile; fileRef = 958892FD165AD47100EA7D71 /* InfoPlist.strings */; };
		9588930D165AD57600EA7D71 /* markdown.c in Sources */ = {isa = PBXBuildFile; fileRef = 9588930B165AD57600EA7D71 /* markdown.c */; };
		95889310165AD60A00EA7D71 /* ObjectiveSundownTest.m in Sources */ = {isa = PBXBuildFile; fileRef = 9588930F165AD60A00EA7D71 /* ObjectiveSundownTest.m */; };
		95889316165ADE1D00EA7D71 /* buffer.c in Sources */ = {isa = PBXBuildFile; fileRef = 95889314165ADE1D00EA7D71 /* buffer.c */; };
		95889317165ADE2200EA7D71 /* html.c in Sources */ = {isa = PBXBuildFile; fileRef = 95889311165ADDFC00EA7D71 /* html.c */; };
		9588931A165AE12F00EA7D71 /* autolink.c in Sources */ = {isa = PBXBuildFile; fileRef = 95889318165AE12F00EA7D71 /* autolink.c */; };
		9588931E165AE14100EA7D71 /* houdini_href_e.c in Sources */ = {isa = PBXBuildFile; fileRef = 9588931B165AE14100EA7D71 /* houdini_href_e.c */; };
		9588931F165AE14100EA7D71 /* houdini_html_e.c in Sources */ = {isa = PBXBuildFile; fileRef = 9588931C165AE14100EA7D71 /* houdini_html_e.c */; };
		95889322165AE15A00EA7D71 /* stack.c in Sources */ = {isa = PBXBuildFile; fileRef = 95889320165AE15A00EA7D71 /* stack.c */; };
		9588933B165B25EB00EA7D71 /* houdini_href_e.c in Sources */ = {isa = PBXBuildFile; fileRef = 9588931B165AE14100EA7D71 /* houdini_href_e.c */; };
		9588933D165B25F100EA7D71 /* houdini_html_e.c in Sources */ = {isa = PBXBuildFile; fileRef = 9588931C165AE14100EA7D71 /* houdini_html_e.c */; };
/* End PBXBuildFile section */

/* Begin PBXContainerItemProxy section */
		958892F7165AD47100EA7D71 /* PBXContainerItemProxy */ = {
			isa = PBXContainerItemProxy;
			containerPortal = 958892D7165AD47100EA7D71 /* Project object */;
			proxyType = 1;
			remoteGlobalIDString = 958892DF165AD47100EA7D71;
			remoteInfo = ObjectiveSundown;
		};
/* End PBXContainerItemProxy section */

/* Begin PBXCopyFilesBuildPhase section */
		958892DE165AD47100EA7D71 /* CopyFiles */ = {
			isa = PBXCopyFilesBuildPhase;
			buildActionMask = 2147483647;
			dstPath = "include/${PRODUCT_NAME}";
			dstSubfolderSpec = 16;
			files = (
				958892E9165AD47100EA7D71 /* ObjectiveSundown.h in CopyFiles */,
			);
			runOnlyForDeploymentPostprocessing = 0;
		};
/* End PBXCopyFilesBuildPhase section */

/* Begin PBXFileReference section */
		958892E0165AD47100EA7D71 /* libObjectiveSundown.a */ = {isa = PBXFileReference; explicitFileType = archive.ar; includeInIndex = 0; path = libObjectiveSundown.a; sourceTree = BUILT_PRODUCTS_DIR; };
		958892E3165AD47100EA7D71 /* Foundation.framework */ = {isa = PBXFileReference; lastKnownFileType = wrapper.framework; name = Foundation.framework; path = System/Library/Frameworks/Foundation.framework; sourceTree = SDKROOT; };
		958892E7165AD47100EA7D71 /* ObjectiveSundown-Prefix.pch */ = {isa = PBXFileReference; lastKnownFileType = sourcecode.c.h; path = "ObjectiveSundown-Prefix.pch"; sourceTree = "<group>"; };
		958892E8165AD47100EA7D71 /* ObjectiveSundown.h */ = {isa = PBXFileReference; lastKnownFileType = sourcecode.c.h; path = ObjectiveSundown.h; sourceTree = "<group>"; };
		958892EA165AD47100EA7D71 /* ObjectiveSundown.m */ = {isa = PBXFileReference; lastKnownFileType = sourcecode.c.objc; path = ObjectiveSundown.m; sourceTree = "<group>"; };
		958892F1165AD47100EA7D71 /* ObjectiveSundownTests.octest */ = {isa = PBXFileReference; explicitFileType = wrapper.cfbundle; includeInIndex = 0; path = ObjectiveSundownTests.octest; sourceTree = BUILT_PRODUCTS_DIR; };
		958892F2165AD47100EA7D71 /* SenTestingKit.framework */ = {isa = PBXFileReference; lastKnownFileType = wrapper.framework; name = SenTestingKit.framework; path = Library/Frameworks/SenTestingKit.framework; sourceTree = DEVELOPER_DIR; };
		958892F4165AD47100EA7D71 /* UIKit.framework */ = {isa = PBXFileReference; lastKnownFileType = wrapper.framework; name = UIKit.framework; path = Library/Frameworks/UIKit.framework; sourceTree = DEVELOPER_DIR; };
		958892FC165AD47100EA7D71 /* ObjectiveSundownTests-Info.plist */ = {isa = PBXFileReference; lastKnownFileType = text.plist.xml; path = "ObjectiveSundownTests-Info.plist"; sourceTree = "<group>"; };
		958892FE165AD47100EA7D71 /* en */ = {isa = PBXFileReference; lastKnownFileType = text.plist.strings; name = en; path = en.lproj/InfoPlist.strings; sourceTree = "<group>"; };
		9588930B165AD57600EA7D71 /* markdown.c */ = {isa = PBXFileReference; fileEncoding = 4; lastKnownFileType = sourcecode.c.c; name = markdown.c; path = "sundown-src/src/markdown.c"; sourceTree = "<group>"; };
		9588930C165AD57600EA7D71 /* markdown.h */ = {isa = PBXFileReference; fileEncoding = 4; lastKnownFileType = sourcecode.c.h; name = markdown.h; path = "sundown-src/src/markdown.h"; sourceTree = "<group>"; };
		9588930F165AD60A00EA7D71 /* ObjectiveSundownTest.m */ = {isa = PBXFileReference; fileEncoding = 4; lastKnownFileType = sourcecode.c.objc; path = ObjectiveSundownTest.m; sourceTree = "<group>"; };
		95889311165ADDFC00EA7D71 /* html.c */ = {isa = PBXFileReference; fileEncoding = 4; lastKnownFileType = sourcecode.c.c; name = html.c; path = "sundown-src/html/html.c"; sourceTree = "<group>"; };
		95889312165ADDFC00EA7D71 /* html.h */ = {isa = PBXFileReference; fileEncoding = 4; lastKnownFileType = sourcecode.c.h; name = html.h; path = "sundown-src/html/html.h"; sourceTree = "<group>"; };
		95889314165ADE1D00EA7D71 /* buffer.c */ = {isa = PBXFileReference; fileEncoding = 4; lastKnownFileType = sourcecode.c.c; name = buffer.c; path = "sundown-src/src/buffer.c"; sourceTree = "<group>"; };
		95889315165ADE1D00EA7D71 /* buffer.h */ = {isa = PBXFileReference; fileEncoding = 4; lastKnownFileType = sourcecode.c.h; name = buffer.h; path = "sundown-src/src/buffer.h"; sourceTree = "<group>"; };
		95889318165AE12F00EA7D71 /* autolink.c */ = {isa = PBXFileReference; fileEncoding = 4; lastKnownFileType = sourcecode.c.c; name = autolink.c; path = "sundown-src/src/autolink.c"; sourceTree = "<group>"; };
		95889319165AE12F00EA7D71 /* autolink.h */ = {isa = PBXFileReference; fileEncoding = 4; lastKnownFileType = sourcecode.c.h; name = autolink.h; path = "sundown-src/src/autolink.h"; sourceTree = "<group>"; };
		9588931B165AE14100EA7D71 /* houdini_href_e.c */ = {isa = PBXFileReference; fileEncoding = 4; lastKnownFileType = sourcecode.c.c; name = houdini_href_e.c; path = "sundown-src/html/houdini_href_e.c"; sourceTree = "<group>"; };
		9588931C165AE14100EA7D71 /* houdini_html_e.c */ = {isa = PBXFileReference; fileEncoding = 4; lastKnownFileType = sourcecode.c.c; name = houdini_html_e.c; path = "sundown-src/html/houdini_html_e.c"; sourceTree = "<group>"; };
		9588931D165AE14100EA7D71 /* houdini.h */ = {isa = PBXFileReference; fileEncoding = 4; lastKnownFileType = sourcecode.c.h; name = houdini.h; path = "sundown-src/html/houdini.h"; sourceTree = "<group>"; };
		95889320165AE15A00EA7D71 /* stack.c */ = {isa = PBXFileReference; fileEncoding = 4; lastKnownFileType = sourcecode.c.c; name = stack.c; path = "sundown-src/src/stack.c"; sourceTree = "<group>"; };
		95889321165AE15A00EA7D71 /* stack.h */ = {isa = PBXFileReference; fileEncoding = 4; lastKnownFileType = sourcecode.c.h; name = stack.h; path = "sundown-src/src/stack.h"; sourceTree = "<group>"; };
/* End PBXFileReference section */

/* Begin PBXFrameworksBuildPhase section */
		958892DD165AD47100EA7D71 /* Frameworks */ = {
			isa = PBXFrameworksBuildPhase;
			buildActionMask = 2147483647;
			files = (
				958892E4165AD47100EA7D71 /* Foundation.framework in Frameworks */,
			);
			runOnlyForDeploymentPostprocessing = 0;
		};
		958892ED165AD47100EA7D71 /* Frameworks */ = {
			isa = PBXFrameworksBuildPhase;
			buildActionMask = 2147483647;
			files = (
				958892F3165AD47100EA7D71 /* SenTestingKit.framework in Frameworks */,
				958892F5165AD47100EA7D71 /* UIKit.framework in Frameworks */,
				958892F6165AD47100EA7D71 /* Foundation.framework in Frameworks */,
				958892F9165AD47100EA7D71 /* libObjectiveSundown.a in Frameworks */,
			);
			runOnlyForDeploymentPostprocessing = 0;
		};
/* End PBXFrameworksBuildPhase section */

/* Begin PBXGroup section */
		958892D5165AD47100EA7D71 = {
			isa = PBXGroup;
			children = (
				958892E5165AD47100EA7D71 /* ObjectiveSundown */,
				958892FA165AD47100EA7D71 /* ObjectiveSundownTests */,
				9588930E165AD57D00EA7D71 /* Sundown */,
				958892E2165AD47100EA7D71 /* Frameworks */,
				958892E1165AD47100EA7D71 /* Products */,
			);
			sourceTree = "<group>";
		};
		958892E1165AD47100EA7D71 /* Products */ = {
			isa = PBXGroup;
			children = (
				958892E0165AD47100EA7D71 /* libObjectiveSundown.a */,
				958892F1165AD47100EA7D71 /* ObjectiveSundownTests.octest */,
			);
			name = Products;
			sourceTree = "<group>";
		};
		958892E2165AD47100EA7D71 /* Frameworks */ = {
			isa = PBXGroup;
			children = (
				958892E3165AD47100EA7D71 /* Foundation.framework */,
				958892F2165AD47100EA7D71 /* SenTestingKit.framework */,
				958892F4165AD47100EA7D71 /* UIKit.framework */,
			);
			name = Frameworks;
			sourceTree = "<group>";
		};
		958892E5165AD47100EA7D71 /* ObjectiveSundown */ = {
			isa = PBXGroup;
			children = (
				958892E8165AD47100EA7D71 /* ObjectiveSundown.h */,
				958892EA165AD47100EA7D71 /* ObjectiveSundown.m */,
				958892E6165AD47100EA7D71 /* Supporting Files */,
			);
			path = ObjectiveSundown;
			sourceTree = "<group>";
		};
		958892E6165AD47100EA7D71 /* Supporting Files */ = {
			isa = PBXGroup;
			children = (
				958892E7165AD47100EA7D71 /* ObjectiveSundown-Prefix.pch */,
			);
			name = "Supporting Files";
			sourceTree = "<group>";
		};
		958892FA165AD47100EA7D71 /* ObjectiveSundownTests */ = {
			isa = PBXGroup;
			children = (
				9588930F165AD60A00EA7D71 /* ObjectiveSundownTest.m */,
				958892FB165AD47100EA7D71 /* Supporting Files */,
			);
			path = ObjectiveSundownTests;
			sourceTree = "<group>";
		};
		958892FB165AD47100EA7D71 /* Supporting Files */ = {
			isa = PBXGroup;
			children = (
				958892FC165AD47100EA7D71 /* ObjectiveSundownTests-Info.plist */,
				958892FD165AD47100EA7D71 /* InfoPlist.strings */,
			);
			name = "Supporting Files";
			sourceTree = "<group>";
		};
		9588930E165AD57D00EA7D71 /* Sundown */ = {
			isa = PBXGroup;
			children = (
				95889311165ADDFC00EA7D71 /* html.c */,
				95889312165ADDFC00EA7D71 /* html.h */,
				9588930C165AD57600EA7D71 /* markdown.h */,
				9588930B165AD57600EA7D71 /* markdown.c */,
				95889314165ADE1D00EA7D71 /* buffer.c */,
				95889315165ADE1D00EA7D71 /* buffer.h */,
				95889318165AE12F00EA7D71 /* autolink.c */,
				95889319165AE12F00EA7D71 /* autolink.h */,
				9588931B165AE14100EA7D71 /* houdini_href_e.c */,
				9588931C165AE14100EA7D71 /* houdini_html_e.c */,
				9588931D165AE14100EA7D71 /* houdini.h */,
				95889320165AE15A00EA7D71 /* stack.c */,
				95889321165AE15A00EA7D71 /* stack.h */,
			);
			name = Sundown;
			sourceTree = "<group>";
		};
/* End PBXGroup section */

/* Begin PBXNativeTarget section */
		958892DF165AD47100EA7D71 /* ObjectiveSundown */ = {
			isa = PBXNativeTarget;
			buildConfigurationList = 95889305165AD47100EA7D71 /* Build configuration list for PBXNativeTarget "ObjectiveSundown" */;
			buildPhases = (
				958892DC165AD47100EA7D71 /* Sources */,
				958892DD165AD47100EA7D71 /* Frameworks */,
				958892DE165AD47100EA7D71 /* CopyFiles */,
			);
			buildRules = (
			);
			dependencies = (
			);
			name = ObjectiveSundown;
			productName = ObjectiveSundown;
			productReference = 958892E0165AD47100EA7D71 /* libObjectiveSundown.a */;
			productType = "com.apple.product-type.library.static";
		};
		958892F0165AD47100EA7D71 /* ObjectiveSundownTests */ = {
			isa = PBXNativeTarget;
			buildConfigurationList = 95889308165AD47100EA7D71 /* Build configuration list for PBXNativeTarget "ObjectiveSundownTests" */;
			buildPhases = (
				958892EC165AD47100EA7D71 /* Sources */,
				958892ED165AD47100EA7D71 /* Frameworks */,
				958892EE165AD47100EA7D71 /* Resources */,
				958892EF165AD47100EA7D71 /* ShellScript */,
			);
			buildRules = (
			);
			dependencies = (
				958892F8165AD47100EA7D71 /* PBXTargetDependency */,
			);
			name = ObjectiveSundownTests;
			productName = ObjectiveSundownTests;
			productReference = 958892F1165AD47100EA7D71 /* ObjectiveSundownTests.octest */;
			productType = "com.apple.product-type.bundle.ocunit-test";
		};
/* End PBXNativeTarget section */

/* Begin PBXProject section */
		958892D7165AD47100EA7D71 /* Project object */ = {
			isa = PBXProject;
			attributes = {
				LastTestingUpgradeCheck = 0620;
				LastUpgradeCheck = 0620;
				ORGANIZATIONNAME = "Jim Kubicek";
			};
			buildConfigurationList = 958892DA165AD47100EA7D71 /* Build configuration list for PBXProject "ObjectiveSundown" */;
			compatibilityVersion = "Xcode 3.2";
			developmentRegion = English;
			hasScannedForEncodings = 0;
			knownRegions = (
				en,
			);
			mainGroup = 958892D5165AD47100EA7D71;
			productRefGroup = 958892E1165AD47100EA7D71 /* Products */;
			projectDirPath = "";
			projectRoot = "";
			targets = (
				958892DF165AD47100EA7D71 /* ObjectiveSundown */,
				958892F0165AD47100EA7D71 /* ObjectiveSundownTests */,
			);
		};
/* End PBXProject section */

/* Begin PBXResourcesBuildPhase section */
		958892EE165AD47100EA7D71 /* Resources */ = {
			isa = PBXResourcesBuildPhase;
			buildActionMask = 2147483647;
			files = (
				958892FF165AD47100EA7D71 /* InfoPlist.strings in Resources */,
			);
			runOnlyForDeploymentPostprocessing = 0;
		};
/* End PBXResourcesBuildPhase section */

/* Begin PBXShellScriptBuildPhase section */
		958892EF165AD47100EA7D71 /* ShellScript */ = {
			isa = PBXShellScriptBuildPhase;
			buildActionMask = 2147483647;
			files = (
			);
			inputPaths = (
			);
			outputPaths = (
			);
			runOnlyForDeploymentPostprocessing = 0;
			shellPath = /bin/sh;
			shellScript = "# Run the unit tests in this test bundle.\n\"${SYSTEM_DEVELOPER_DIR}/Tools/RunUnitTests\"\n";
		};
/* End PBXShellScriptBuildPhase section */

/* Begin PBXSourcesBuildPhase section */
		958892DC165AD47100EA7D71 /* Sources */ = {
			isa = PBXSourcesBuildPhase;
			buildActionMask = 2147483647;
			files = (
				958892EB165AD47100EA7D71 /* ObjectiveSundown.m in Sources */,
				9588930D165AD57600EA7D71 /* markdown.c in Sources */,
				95889316165ADE1D00EA7D71 /* buffer.c in Sources */,
				95889317165ADE2200EA7D71 /* html.c in Sources */,
				9588931A165AE12F00EA7D71 /* autolink.c in Sources */,
				9588933B165B25EB00EA7D71 /* houdini_href_e.c in Sources */,
				9588933D165B25F100EA7D71 /* houdini_html_e.c in Sources */,
				95889322165AE15A00EA7D71 /* stack.c in Sources */,
			);
			runOnlyForDeploymentPostprocessing = 0;
		};
		958892EC165AD47100EA7D71 /* Sources */ = {
			isa = PBXSourcesBuildPhase;
			buildActionMask = 2147483647;
			files = (
				95889310165AD60A00EA7D71 /* ObjectiveSundownTest.m in Sources */,
				9588931E165AE14100EA7D71 /* houdini_href_e.c in Sources */,
				9588931F165AE14100EA7D71 /* houdini_html_e.c in Sources */,
			);
			runOnlyForDeploymentPostprocessing = 0;
		};
/* End PBXSourcesBuildPhase section */

/* Begin PBXTargetDependency section */
		958892F8165AD47100EA7D71 /* PBXTargetDependency */ = {
			isa = PBXTargetDependency;
			target = 958892DF165AD47100EA7D71 /* ObjectiveSundown */;
			targetProxy = 958892F7165AD47100EA7D71 /* PBXContainerItemProxy */;
		};
/* End PBXTargetDependency section */

/* Begin PBXVariantGroup section */
		958892FD165AD47100EA7D71 /* InfoPlist.strings */ = {
			isa = PBXVariantGroup;
			children = (
				958892FE165AD47100EA7D71 /* en */,
			);
			name = InfoPlist.strings;
			sourceTree = "<group>";
		};
/* End PBXVariantGroup section */

/* Begin XCBuildConfiguration section */
		95889303165AD47100EA7D71 /* Debug */ = {
			isa = XCBuildConfiguration;
			buildSettings = {
				ALWAYS_SEARCH_USER_PATHS = NO;
				CLANG_CXX_LANGUAGE_STANDARD = "gnu++0x";
				CLANG_CXX_LIBRARY = "libc++";
				CLANG_ENABLE_OBJC_ARC = YES;
				CLANG_WARN_EMPTY_BODY = YES;
				CLANG_WARN__DUPLICATE_METHOD_MATCH = YES;
				COPY_PHASE_STRIP = NO;
				GCC_C_LANGUAGE_STANDARD = gnu99;
				GCC_DYNAMIC_NO_PIC = NO;
				GCC_OPTIMIZATION_LEVEL = 0;
				GCC_PREPROCESSOR_DEFINITIONS = (
					"DEBUG=1",
					"$(inherited)",
				);
				GCC_SYMBOLS_PRIVATE_EXTERN = NO;
				GCC_TREAT_WARNINGS_AS_ERRORS = YES;
				GCC_WARN_ABOUT_RETURN_TYPE = YES;
				GCC_WARN_UNINITIALIZED_AUTOS = YES;
				GCC_WARN_UNUSED_VARIABLE = YES;
				IPHONEOS_DEPLOYMENT_TARGET = 6.0;
				ONLY_ACTIVE_ARCH = YES;
				SDKROOT = iphoneos;
			};
			name = Debug;
		};
		95889304165AD47100EA7D71 /* Release */ = {
			isa = XCBuildConfiguration;
			buildSettings = {
				ALWAYS_SEARCH_USER_PATHS = NO;
				CLANG_CXX_LANGUAGE_STANDARD = "gnu++0x";
				CLANG_CXX_LIBRARY = "libc++";
				CLANG_ENABLE_OBJC_ARC = YES;
				CLANG_WARN_EMPTY_BODY = YES;
				CLANG_WARN__DUPLICATE_METHOD_MATCH = YES;
				COPY_PHASE_STRIP = YES;
				GCC_C_LANGUAGE_STANDARD = gnu99;
				GCC_TREAT_WARNINGS_AS_ERRORS = YES;
				GCC_WARN_ABOUT_RETURN_TYPE = YES;
				GCC_WARN_UNINITIALIZED_AUTOS = YES;
				GCC_WARN_UNUSED_VARIABLE = YES;
				IPHONEOS_DEPLOYMENT_TARGET = 6.0;
				SDKROOT = iphoneos;
				VALIDATE_PRODUCT = YES;
			};
			name = Release;
		};
		95889306165AD47100EA7D71 /* Debug */ = {
			isa = XCBuildConfiguration;
			buildSettings = {
				DSTROOT = /tmp/ObjectiveSundown.dst;
				GCC_PRECOMPILE_PREFIX_HEADER = YES;
				GCC_PREFIX_HEADER = "ObjectiveSundown/ObjectiveSundown-Prefix.pch";
				OTHER_LDFLAGS = "-ObjC";
				PRODUCT_NAME = "$(TARGET_NAME)";
				SKIP_INSTALL = YES;
			};
			name = Debug;
		};
		95889307165AD47100EA7D71 /* Release */ = {
			isa = XCBuildConfiguration;
			buildSettings = {
				DSTROOT = /tmp/ObjectiveSundown.dst;
				GCC_PRECOMPILE_PREFIX_HEADER = YES;
				GCC_PREFIX_HEADER = "ObjectiveSundown/ObjectiveSundown-Prefix.pch";
				OTHER_LDFLAGS = "-ObjC";
				PRODUCT_NAME = "$(TARGET_NAME)";
				SKIP_INSTALL = YES;
			};
			name = Release;
		};
		95889309165AD47100EA7D71 /* Debug */ = {
			isa = XCBuildConfiguration;
			buildSettings = {
				FRAMEWORK_SEARCH_PATHS = (
					"\"$(SDKROOT)/Developer/Library/Frameworks\"",
					"\"$(DEVELOPER_LIBRARY_DIR)/Frameworks\"",
				);
				GCC_PRECOMPILE_PREFIX_HEADER = YES;
				GCC_PREFIX_HEADER = "ObjectiveSundown/ObjectiveSundown-Prefix.pch";
				INFOPLIST_FILE = "ObjectiveSundownTests/ObjectiveSundownTests-Info.plist";
				PRODUCT_NAME = "$(TARGET_NAME)";
				WRAPPER_EXTENSION = octest;
			};
			name = Debug;
		};
		9588930A165AD47100EA7D71 /* Release */ = {
			isa = XCBuildConfiguration;
			buildSettings = {
				FRAMEWORK_SEARCH_PATHS = (
					"\"$(SDKROOT)/Developer/Library/Frameworks\"",
					"\"$(DEVELOPER_LIBRARY_DIR)/Frameworks\"",
				);
				GCC_PRECOMPILE_PREFIX_HEADER = YES;
				GCC_PREFIX_HEADER = "ObjectiveSundown/ObjectiveSundown-Prefix.pch";
				INFOPLIST_FILE = "ObjectiveSundownTests/ObjectiveSundownTests-Info.plist";
				PRODUCT_NAME = "$(TARGET_NAME)";
				WRAPPER_EXTENSION = octest;
			};
			name = Release;
		};
/* End XCBuildConfiguration section */

/* Begin XCConfigurationList section */
		958892DA165AD47100EA7D71 /* Build configuration list for PBXProject "ObjectiveSundown" */ = {
			isa = XCConfigurationList;
			buildConfigurations = (
				95889303165AD47100EA7D71 /* Debug */,
				95889304165AD47100EA7D71 /* Release */,
			);
			defaultConfigurationIsVisible = 0;
			defaultConfigurationName = Release;
		};
		95889305165AD47100EA7D71 /* Build configuration list for PBXNativeTarget "ObjectiveSundown" */ = {
			isa = XCConfigurationList;
			buildConfigurations = (
				95889306165AD47100EA7D71 /* Debug */,
				95889307165AD47100EA7D71 /* Release */,
			);
			defaultConfigurationIsVisible = 0;
			defaultConfigurationName = Release;
		};
		95889308165AD47100EA7D71 /* Build configuration list for PBXNativeTarget "ObjectiveSundownTests" */ = {
			isa = XCConfigurationList;
			buildConfigurations = (
				95889309165AD47100EA7D71 /* Debug */,
				9588930A165AD47100EA7D71 /* Release */,
			);
			defaultConfigurationIsVisible = 0;
			defaultConfigurationName = Release;
		};
/* End XCConfigurationList section */
	};
	rootObject = 958892D7165AD47100EA7D71 /* Project object */;
}
